
Microsoft Visual Studio Solution File, Format Version 12.00
# Visual Studio Version 17
VisualStudioVersion = 17.4.33213.308
MinimumVisualStudioVersion = 10.0.40219.1
Project("{FAE04EC0-301F-11D3-BF4B-00C04F79EFBC}") = "Conexxion", "Conexxion\Conexxion.csproj", "{BCF09907-A104-4D18-8874-B73BB29393CA}"
EndProject
Global
	GlobalSection(SolutionConfigurationPlatforms) = preSolution
		Debug|Any CPU = Debug|Any CPU
		Release|Any CPU = Release|Any CPU
	EndGlobalSection
	GlobalSection(ProjectConfigurationPlatforms) = postSolution
		{BCF09907-A104-4D18-8874-B73BB29393CA}.Debug|Any CPU.ActiveCfg = Debug|Any CPU
		{BCF09907-A104-4D18-8874-B73BB29393CA}.Debug|Any CPU.Build.0 = Debug|Any CPU
		{BCF09907-A104-4D18-8874-B73BB29393CA}.Release|Any CPU.ActiveCfg = Release|Any CPU
		{BCF09907-A104-4D18-8874-B73BB29393CA}.Release|Any CPU.Build.0 = Release|Any CPU
	EndGlobalSection
	GlobalSection(SolutionProperties) = preSolution
		HideSolutionNode = FALSE
	EndGlobalSection
	GlobalSection(ExtensibilityGlobals) = postSolution
		SolutionGuid = {37352B6C-3256-469F-BA72-C4BAB443AA66}
	EndGlobalSection
EndGlobal
